
Microsoft Visual Studio Solution File, Format Version 12.00
# Visual Studio Version 16
VisualStudioVersion = 16.0.32413.511
MinimumVisualStudioVersion = 10.0.40219.1
Project("{FAE04EC0-301F-11D3-BF4B-00C04F79EFBC}") = "DiaryApp", "DiaryApp\DiaryApp.csproj", "{2072D39B-9C9A-4BE2-9366-60DB91C4C89E}"
EndProject
Global
	GlobalSection(SolutionConfigurationPlatforms) = preSolution
		Debug|Any CPU = Debug|Any CPU
		Release|Any CPU = Release|Any CPU
	EndGlobalSection
	GlobalSection(ProjectConfigurationPlatforms) = postSolution
		{2072D39B-9C9A-4BE2-9366-60DB91C4C89E}.Debug|Any CPU.ActiveCfg = Debug|Any CPU
		{2072D39B-9C9A-4BE2-9366-60DB91C4C89E}.Debug|Any CPU.Build.0 = Debug|Any CPU
		{2072D39B-9C9A-4BE2-9366-60DB91C4C89E}.Release|Any CPU.ActiveCfg = Release|Any CPU
		{2072D39B-9C9A-4BE2-9366-60DB91C4C89E}.Release|Any CPU.Build.0 = Release|Any CPU
	EndGlobalSection
	GlobalSection(SolutionProperties) = preSolution
		HideSolutionNode = FALSE
	EndGlobalSection
	GlobalSection(ExtensibilityGlobals) = postSolution
		SolutionGuid = {BFEA72E2-A529-490C-B576-65F0D3F48145}
	EndGlobalSection
EndGlobal
